
Microsoft Visual Studio Solution File, Format Version 12.00
# Visual Studio Version 16
VisualStudioVersion = 16.0.31729.503
MinimumVisualStudioVersion = 10.0.40219.1
Project("{FAE04EC0-301F-11D3-BF4B-00C04F79EFBC}") = "CopyFilesApp", "CopyFilesApp\CopyFilesApp.csproj", "{2CBFF35F-4360-4F11-9BDE-2576694A7379}"
EndProject
Global
	GlobalSection(SolutionConfigurationPlatforms) = preSolution
		Debug|Any CPU = Debug|Any CPU
		Release|Any CPU = Release|Any CPU
	EndGlobalSection
	GlobalSection(ProjectConfigurationPlatforms) = postSolution
		{2CBFF35F-4360-4F11-9BDE-2576694A7379}.Debug|Any CPU.ActiveCfg = Debug|Any CPU
		{2CBFF35F-4360-4F11-9BDE-2576694A7379}.Debug|Any CPU.Build.0 = Debug|Any CPU
		{2CBFF35F-4360-4F11-9BDE-2576694A7379}.Release|Any CPU.ActiveCfg = Release|Any CPU
		{2CBFF35F-4360-4F11-9BDE-2576694A7379}.Release|Any CPU.Build.0 = Release|Any CPU
	EndGlobalSection
	GlobalSection(SolutionProperties) = preSolution
		HideSolutionNode = FALSE
	EndGlobalSection
	GlobalSection(ExtensibilityGlobals) = postSolution
		SolutionGuid = {ABEDD39A-8F5D-4816-9A51-F721DA2DEFA5}
	EndGlobalSection
EndGlobal
